# This file is autogenerated, do not edit; changes may be undone by the next 'dep ensure'.


[[projects]]
  name = "github.com/a8m/djson"
  packages = ["."]
  revision = "afa66dc6bcfb823609f3c99135a8b6cc06738b9d"
  version = "1.0.0-alpha.1"

[[projects]]
  name = "github.com/fatih/structs"
  packages = ["."]
  revision = "a720dfa8df582c51dee1b36feabb906bde1588bd"
  version = "v1.0"

[[projects]]
  branch = "master"
  name = "github.com/pquerna/ffjson"
  packages = [
    "ffjson",
    "fflib/v1",
    "fflib/v1/internal"
  ]
  revision = "af8b230fcd2007c7095168ca8ab94c68b60840c6"

[solve-meta]
  analyzer-name = "dep"
  analyzer-version = 1
  inputs-digest = "141a738f055687d58920c3942d6436bbd5232eee1421d347232c338cdd355f09"
  solver-name = "gps-cdcl"
  solver-version = 1
