# This file is autogenerated, do not edit; changes may be undone by the next 'dep ensure'.


[[projects]]
  name = "github.com/a8m/djson"
  packages = ["."]
  revision = "afa66dc6bcfb823609f3c99135a8b6cc06738b9d"
  version = "1.0.0-alpha.1"

[solve-meta]
  analyzer-name = "dep"
  analyzer-version = 1
  inputs-digest = "37cee57ac58e0b7bce9d2a8d923ff94f59640b439eb4901589e616b9e2d19624"
  solver-name = "gps-cdcl"
  solver-version = 1
